
Microsoft Visual Studio Solution File, Format Version 12.00
# Visual Studio Version 16
VisualStudioVersion = 16.0.32228.343
MinimumVisualStudioVersion = 10.0.40219.1
Project("{FAE04EC0-301F-11D3-BF4B-00C04F79EFBC}") = "Entidades.Primer.Parcial", "LExamen\Entidades.Primer.Parcial.csproj", "{C866401D-713F-44E6-A6E7-368B26294AF2}"
EndProject
Project("{FAE04EC0-301F-11D3-BF4B-00C04F79EFBC}") = "Test", "ExamenConsola\Test.csproj", "{446F785E-6AA9-4DD0-A020-85D4EEC735E6}"
EndProject
Global
	GlobalSection(SolutionConfigurationPlatforms) = preSolution
		Debug|Any CPU = Debug|Any CPU
		Release|Any CPU = Release|Any CPU
	EndGlobalSection
	GlobalSection(ProjectConfigurationPlatforms) = postSolution
		{C866401D-713F-44E6-A6E7-368B26294AF2}.Debug|Any CPU.ActiveCfg = Debug|Any CPU
		{C866401D-713F-44E6-A6E7-368B26294AF2}.Debug|Any CPU.Build.0 = Debug|Any CPU
		{C866401D-713F-44E6-A6E7-368B26294AF2}.Release|Any CPU.ActiveCfg = Release|Any CPU
		{C866401D-713F-44E6-A6E7-368B26294AF2}.Release|Any CPU.Build.0 = Release|Any CPU
		{446F785E-6AA9-4DD0-A020-85D4EEC735E6}.Debug|Any CPU.ActiveCfg = Debug|Any CPU
		{446F785E-6AA9-4DD0-A020-85D4EEC735E6}.Debug|Any CPU.Build.0 = Debug|Any CPU
		{446F785E-6AA9-4DD0-A020-85D4EEC735E6}.Release|Any CPU.ActiveCfg = Release|Any CPU
		{446F785E-6AA9-4DD0-A020-85D4EEC735E6}.Release|Any CPU.Build.0 = Release|Any CPU
	EndGlobalSection
	GlobalSection(SolutionProperties) = preSolution
		HideSolutionNode = FALSE
	EndGlobalSection
	GlobalSection(ExtensibilityGlobals) = postSolution
		SolutionGuid = {3570AB30-F4F5-407F-89AC-CC2971B5F22A}
	EndGlobalSection
EndGlobal
