
Microsoft Visual Studio Solution File, Format Version 12.00
# Visual Studio Version 16
VisualStudioVersion = 16.0.32228.343
MinimumVisualStudioVersion = 10.0.40219.1
Project("{9A19103F-16F7-4668-BE54-9A1E7A4F7556}") = "eje()1", "eje()1\eje()1.csproj", "{7177BFEF-5FFC-4BDA-A950-18563DFA6952}"
EndProject
Project("{9A19103F-16F7-4668-BE54-9A1E7A4F7556}") = "eje()2", "eje()2\eje()2.csproj", "{C9B0EA16-D75B-4090-9AD6-74D10F4B4542}"
EndProject
Project("{9A19103F-16F7-4668-BE54-9A1E7A4F7556}") = "eje()3", "eje()3\eje()3.csproj", "{ED0C0DF8-ED6C-468B-8475-952D16CCE7FF}"
EndProject
Project("{9A19103F-16F7-4668-BE54-9A1E7A4F7556}") = "eje()4", "eje()4\eje()4.csproj", "{35C05188-D879-471B-BCDE-C033A55BFFD1}"
EndProject
Project("{FAE04EC0-301F-11D3-BF4B-00C04F79EFBC}") = "eje()clase2", "eje()clase2\eje()clase2.csproj", "{4F075A37-6027-4E9F-9972-4CCE87FA6792}"
EndProject
Project("{9A19103F-16F7-4668-BE54-9A1E7A4F7556}") = "eje()5.3", "eje()5.3\eje()5.3.csproj", "{6EB3B75D-015B-42C1-BE56-8DCE73E6B09C}"
EndProject
Project("{9A19103F-16F7-4668-BE54-9A1E7A4F7556}") = "eje()6", "eje()6\eje()6.csproj", "{8F00FF91-CED3-4E75-9B24-CA09AD770C17}"
EndProject
Project("{9A19103F-16F7-4668-BE54-9A1E7A4F7556}") = "eje()7", "eje()7\eje()7.csproj", "{8C3B6FBF-45FE-4614-8781-E35F2A00C347}"
EndProject
Project("{9A19103F-16F7-4668-BE54-9A1E7A4F7556}") = "eje()8", "eje()8\eje()8.csproj", "{6FA65811-00E6-4330-88DF-73A1254CAFF3}"
EndProject
Project("{9A19103F-16F7-4668-BE54-9A1E7A4F7556}") = "eje()9", "eje()9\eje()9.csproj", "{5FD4FDD2-8E72-40B1-BC75-6B1274735C34}"
EndProject
Project("{2150E333-8FDC-42A3-9474-1A3956D46DE8}") = "1)introducion", "1)introducion", "{4DD44AD2-1AD5-4E99-AB46-5C2F8ADDB684}"
EndProject
Project("{9A19103F-16F7-4668-BE54-9A1E7A4F7556}") = "eje()201", "eje()201\eje()201.csproj", "{8FE33A65-F4B1-4E34-AD0A-306DDA332DC3}"
EndProject
Project("{2150E333-8FDC-42A3-9474-1A3956D46DE8}") = "2)Clases y Metodos Estaticos", "2)Clases y Metodos Estaticos", "{FBE2A190-F1DA-475B-87E9-B539C429EBC7}"
EndProject
Project("{9A19103F-16F7-4668-BE54-9A1E7A4F7556}") = "eje()202", "eje()202\eje()202.csproj", "{E3134BAF-0A7C-445B-AF29-9C266ECA18FE}"
EndProject
Project("{9A19103F-16F7-4668-BE54-9A1E7A4F7556}") = "eje()203", "eje()203\eje()203.csproj", "{51F27C04-AA3E-4629-B968-2274E4E81FFF}"
EndProject
Project("{9A19103F-16F7-4668-BE54-9A1E7A4F7556}") = "eje()204", "eje()204\eje()204.csproj", "{74AB048F-48F2-460D-B3C8-39A61C3D2179}"
EndProject
Project("{9A19103F-16F7-4668-BE54-9A1E7A4F7556}") = "eje()205", "eje()205\eje()205.csproj", "{6F03370D-0DF7-406A-839F-384905652D5D}"
EndProject
Project("{9A19103F-16F7-4668-BE54-9A1E7A4F7556}") = "eje()206", "eje()206\eje()206.csproj", "{73A6A7FB-64FF-4AC4-8970-622E2022D0AB}"
EndProject
Project("{9A19103F-16F7-4668-BE54-9A1E7A4F7556}") = "eje()207", "eje()207\eje()207.csproj", "{42F0C117-AF6D-4698-BBF6-2C8CB6387CD6}"
EndProject
Project("{9A19103F-16F7-4668-BE54-9A1E7A4F7556}") = "eje()208", "eje()208\eje()208.csproj", "{17D4E887-9061-4423-8E5E-759E0D2F24F5}"
EndProject
Project("{9A19103F-16F7-4668-BE54-9A1E7A4F7556}") = "eje()A01", "eje()A01\eje()A01.csproj", "{A564C062-39B8-419B-A722-D164CC840023}"
EndProject
Project("{2150E333-8FDC-42A3-9474-1A3956D46DE8}") = "3)Programacion Orientada a Objectos", "3)Programacion Orientada a Objectos", "{27A85A8E-3FED-431B-BBCC-2446C5217DEB}"
EndProject
Project("{9A19103F-16F7-4668-BE54-9A1E7A4F7556}") = "eje()301", "eje()301\eje()301.csproj", "{A6FF84AE-B241-48EC-80B4-6EDDE054256C}"
EndProject
Project("{9A19103F-16F7-4668-BE54-9A1E7A4F7556}") = "clase04", "clase04\clase04.csproj", "{F162D45B-3E98-419F-89A5-4DEA703AD8E7}"
EndProject
Project("{9A19103F-16F7-4668-BE54-9A1E7A4F7556}") = "eje()302", "eje()302\eje()302.csproj", "{0D950A2F-8EF5-4ECF-9FC1-D52E2D2A9C89}"
EndProject
Project("{FAE04EC0-301F-11D3-BF4B-00C04F79EFBC}") = "LibraryClase3", "LibraryClase3\LibraryClase3.csproj", "{849B7C19-65BA-462E-A802-A9C573F12618}"
EndProject
Project("{2150E333-8FDC-42A3-9474-1A3956D46DE8}") = "ClaseEnumerados", "ClaseEnumerados", "{46E6AA49-EDC8-4798-9536-48BF67876A0B}"
EndProject
Project("{9A19103F-16F7-4668-BE54-9A1E7A4F7556}") = "LEnumeadosTinta", "LEnumeadosTinta\LEnumeadosTinta.csproj", "{D9B306B0-B3BA-4F32-AADD-96188A3457A2}"
EndProject
Project("{9A19103F-16F7-4668-BE54-9A1E7A4F7556}") = "ConsoleAppEnumerados", "ConsoleAppEnumerados\ConsoleAppEnumerados.csproj", "{8CECA605-1ADA-4458-9BF3-56E70FBDEB32}"
EndProject
Project("{9A19103F-16F7-4668-BE54-9A1E7A4F7556}") = "eje()303", "eje()303\eje()303.csproj", "{4E0257D0-4AB8-4AD8-BF12-F400E5E37780}"
EndProject
Project("{9A19103F-16F7-4668-BE54-9A1E7A4F7556}") = "eje()304", "eje()304\eje()304.csproj", "{C3356C85-5BC9-4777-ADF2-162E7C90D1DD}"
EndProject
Project("{9A19103F-16F7-4668-BE54-9A1E7A4F7556}") = "eje()305", "eje()305\eje()305.csproj", "{5308B987-8C03-4C6B-9297-C614B60E4012}"
EndProject
Project("{9A19103F-16F7-4668-BE54-9A1E7A4F7556}") = "Eje()3A01", "Eje()3A01\Eje()3A01.csproj", "{63AD4B2F-5947-442F-87F6-80C277ECB4BE}"
EndProject
Project("{9A19103F-16F7-4668-BE54-9A1E7A4F7556}") = "eje()3A02", "eje()3A02\eje()3A02.csproj", "{2E889C7F-2A62-4DD4-B6E9-089AFA67CED2}"
EndProject
Project("{9A19103F-16F7-4668-BE54-9A1E7A4F7556}") = "L4Sobrecarga", "L4Sobrecarga\L4Sobrecarga.csproj", "{E6232974-BDB0-4EBF-B797-EB7BD4F5E059}"
EndProject
Project("{9A19103F-16F7-4668-BE54-9A1E7A4F7556}") = "eje()4101", "eje()4101\eje()4101.csproj", "{34A5AC1A-9A34-4274-863B-2BC4683DE942}"
EndProject
Project("{2150E333-8FDC-42A3-9474-1A3956D46DE8}") = "4)Sobrecarga", "4)Sobrecarga", "{221FF149-86D9-4353-A895-0C92EED0B990}"
EndProject
Project("{9A19103F-16F7-4668-BE54-9A1E7A4F7556}") = "Billetes", "Billetes\Billetes.csproj", "{731CBCF7-74FE-4ABA-846D-6CC7E3EAA2D5}"
EndProject
Project("{9A19103F-16F7-4668-BE54-9A1E7A4F7556}") = "eje()4102", "eje()4102\eje()4102.csproj", "{6CB374F2-38ED-4378-9703-257229D3CB4C}"
EndProject
Project("{2150E333-8FDC-42A3-9474-1A3956D46DE8}") = "5)WindowsForm", "5)WindowsForm", "{DB2B5044-E876-4EAE-9BD7-60C7D85BD975}"
EndProject
Project("{9A19103F-16F7-4668-BE54-9A1E7A4F7556}") = "LConversorTemperaturas", "LConversorTemperaturas\LConversorTemperaturas.csproj", "{76BAAC11-7B8A-4B8B-81B1-7DDC6117FB02}"
EndProject
Project("{9A19103F-16F7-4668-BE54-9A1E7A4F7556}") = "eje()501HolaWindowsForms", "eje()501HolaWindowsForms\eje()501HolaWindowsForms.csproj", "{4C7D9151-72B8-425F-9BD8-3AA3D66006A7}"
EndProject
Project("{9A19103F-16F7-4668-BE54-9A1E7A4F7556}") = "Saludo", "Saludo\Saludo.csproj", "{DDEBFE1C-D9E7-4BCD-A004-4A232BEE8A5D}"
EndProject
Project("{2150E333-8FDC-42A3-9474-1A3956D46DE8}") = "1)HolaWindowsForms", "1)HolaWindowsForms", "{7905D404-3ED3-4B5D-BAC5-2538CFB3990A}"
EndProject
Project("{2150E333-8FDC-42A3-9474-1A3956D46DE8}") = "2)Registrate", "2)Registrate", "{6717152B-7DA1-49B7-BC5D-D813C26892F1}"
EndProject
Project("{9A19103F-16F7-4668-BE54-9A1E7A4F7556}") = "Registro", "Registro\Registro.csproj", "{5CCFA042-1875-400C-BD36-D918F9D073B5}"
EndProject
Project("{9A19103F-16F7-4668-BE54-9A1E7A4F7556}") = "LibraryIngresante", "LibraryIngresante\LibraryIngresante.csproj", "{95D87662-EBBB-49AE-9673-F445EA901C5F}"
EndProject
Project("{2150E333-8FDC-42A3-9474-1A3956D46DE8}") = "3)CotizadorDesktop", "3)CotizadorDesktop", "{0769877E-87DF-4FCF-86C1-0BF6756EFD94}"
EndProject
Project("{9A19103F-16F7-4668-BE54-9A1E7A4F7556}") = "Conversor", "Conversor\Conversor.csproj", "{4E7875F2-763A-4CFF-A423-9A357F94F6B4}"
EndProject
Project("{2150E333-8FDC-42A3-9474-1A3956D46DE8}") = "4)CO2-Vulcano", "4)CO2-Vulcano", "{7214EC09-4294-41F0-BFBD-B38A5CB120C7}"
EndProject
Project("{9A19103F-16F7-4668-BE54-9A1E7A4F7556}") = "ConversorVulcano", "ConversorVulcano\ConversorVulcano.csproj", "{104ED711-6EED-4562-849D-7E123297CAE3}"
EndProject
Project("{2150E333-8FDC-42A3-9474-1A3956D46DE8}") = "Tempera", "Tempera", "{86FC3EEC-B018-4779-96BF-9CADF4F90D3A}"
EndProject
Project("{9A19103F-16F7-4668-BE54-9A1E7A4F7556}") = "LTempera", "LTempera\LTempera.csproj", "{DEC1C2A0-330B-46D2-8B9F-EB004ADD2A8D}"
EndProject
Project("{9A19103F-16F7-4668-BE54-9A1E7A4F7556}") = "LInstrumentos", "LInstrumentos\LInstrumentos.csproj", "{DBCE3C2F-9C9F-4D7A-99DF-09E539DC421D}"
EndProject
Project("{2150E333-8FDC-42A3-9474-1A3956D46DE8}") = "Vehiculo-Lavandero2016", "Vehiculo-Lavandero2016", "{246F2D42-A28B-4BA6-A591-971FCBB35A15}"
EndProject
Project("{9A19103F-16F7-4668-BE54-9A1E7A4F7556}") = "Lavadero2016", "Lavadero2016\Lavadero2016.csproj", "{09DEFAA0-5238-4B1C-A92A-81A8B89C2E03}"
EndProject
Project("{2150E333-8FDC-42A3-9474-1A3956D46DE8}") = "LibreriaControles", "LibreriaControles", "{0305BD9E-331C-4DC9-856C-4AA3BE9E9C69}"
EndProject
Project("{9A19103F-16F7-4668-BE54-9A1E7A4F7556}") = "UserControlLibrary", "UserControlLibrary\UserControlLibrary.csproj", "{48598DB4-1B71-43B9-87E1-A106A1EC3801}"
EndProject
Project("{2150E333-8FDC-42A3-9474-1A3956D46DE8}") = "ModeloPPMascotas", "ModeloPPMascotas", "{CEC6503A-DF91-48D1-ADBF-673031FFF17C}"
EndProject
Project("{9A19103F-16F7-4668-BE54-9A1E7A4F7556}") = "LibraryMascotas", "LibraryMascotas\LibraryMascotas.csproj", "{C8707224-D743-4434-873C-2AFFC75C08DC}"
EndProject
Project("{9A19103F-16F7-4668-BE54-9A1E7A4F7556}") = "EduardoSosaSegoviaPP1", "EduardoSosaSegoviaPP1\EduardoSosaSegoviaPP1.csproj", "{34921269-A494-4B68-904C-59E102C65158}"
EndProject
Project("{2150E333-8FDC-42A3-9474-1A3956D46DE8}") = "ModelosParciales", "ModelosParciales", "{E1E6949B-7D5F-473E-B0FC-AEEA4DBEFC10}"
EndProject
Project("{2150E333-8FDC-42A3-9474-1A3956D46DE8}") = "ModeloPPLibreria", "ModeloPPLibreria", "{49A86C0B-3157-4B3A-88D7-C4EA559D82F9}"
EndProject
Project("{9A19103F-16F7-4668-BE54-9A1E7A4F7556}") = "LPPLibreria", "LPPLibreria\LPPLibreria.csproj", "{24D8456D-7BC9-4552-95FF-8CBB694FD5D9}"
EndProject
Project("{2150E333-8FDC-42A3-9474-1A3956D46DE8}") = "PPElDispositivo", "PPElDispositivo", "{EC8E21A8-78C0-423B-AF73-D2D913AF188B}"
EndProject
Project("{9A19103F-16F7-4668-BE54-9A1E7A4F7556}") = "LiberiaDispositivo", "LiberiaDispositivo\LiberiaDispositivo.csproj", "{2469AB8F-797B-42CA-9177-519E49067A73}"
EndProject
Project("{9A19103F-16F7-4668-BE54-9A1E7A4F7556}") = "FormPrincipalSosa", "FormPrincipalSosa\FormPrincipalSosa.csproj", "{B231D493-1B92-4BBB-A33C-F86DC83BEDDD}"
EndProject
Project("{2150E333-8FDC-42A3-9474-1A3956D46DE8}") = "EjercicioIntegrador", "EjercicioIntegrador", "{40D537B9-4FE1-4F2E-AEFD-36B6555DB7E2}"
EndProject
Project("{9A19103F-16F7-4668-BE54-9A1E7A4F7556}") = "LEjercicioIntegrador", "LEjercicioIntegrador\LEjercicioIntegrador.csproj", "{0BAD037E-EB0E-4446-9614-4F304AF8B78C}"
EndProject
Project("{9A19103F-16F7-4668-BE54-9A1E7A4F7556}") = "EjercicioIntegrador", "EjercicioIntegrador\EjercicioIntegrador.csproj", "{A5513ACD-BFE2-4A2B-8F10-3E412E4BF53A}"
EndProject
Project("{2150E333-8FDC-42A3-9474-1A3956D46DE8}") = "PPBar", "PPBar", "{3A0BC6D1-F2AE-4E29-BD94-08ABFEFA1F4B}"
EndProject
Project("{9A19103F-16F7-4668-BE54-9A1E7A4F7556}") = "LBar", "LBar\LBar.csproj", "{92EE2F25-4E97-4193-A3DD-E8E3C60FA067}"
EndProject
Project("{9A19103F-16F7-4668-BE54-9A1E7A4F7556}") = "ConsoleAppBar", "ConsoleAppBar\ConsoleAppBar.csproj", "{AB1FF762-7212-4913-8DEB-198AA4513EC7}"
EndProject
Project("{2150E333-8FDC-42A3-9474-1A3956D46DE8}") = "pruebasVarias", "pruebasVarias", "{55D6BB61-E7D0-4490-973C-813350CD3FF6}"
EndProject
Project("{9A19103F-16F7-4668-BE54-9A1E7A4F7556}") = "pruebasVarias", "pruebasVarias\pruebasVarias.csproj", "{2B1F6BE6-DF4C-487D-84B1-DB771FCE5DB3}"
EndProject
Project("{9A19103F-16F7-4668-BE54-9A1E7A4F7556}") = "LPruebasVarias", "LPruebasVarias\LPruebasVarias.csproj", "{6D992FFE-DB95-4A5C-9D13-F173D60FF58F}"
EndProject
Project("{2150E333-8FDC-42A3-9474-1A3956D46DE8}") = "Exceptions", "Exceptions", "{A48938AB-2BA9-441A-A66E-E5A084E763B9}"
EndProject
Project("{9A19103F-16F7-4668-BE54-9A1E7A4F7556}") = "ConsoleAppExceptions", "ConsoleAppExceptions\ConsoleAppExceptions.csproj", "{8BCCAE37-5AD5-4A2C-8E78-474597746F6C}"
EndProject
Project("{9A19103F-16F7-4668-BE54-9A1E7A4F7556}") = "LExceptionLanzarAtrapar", "LExceptionLanzarAtrapar\LExceptionLanzarAtrapar.csproj", "{58FE730A-3FCA-42D9-A5DE-7822FA475698}"
EndProject
Project("{2150E333-8FDC-42A3-9474-1A3956D46DE8}") = "Generic", "Generic", "{69E6874C-754E-4EB4-87F2-208E9CCCF471}"
EndProject
Project("{9A19103F-16F7-4668-BE54-9A1E7A4F7556}") = "Generics", "Generics\Generics.csproj", "{BD0CA313-FFD1-4796-9E58-7F3861AB8411}"
EndProject
Project("{2150E333-8FDC-42A3-9474-1A3956D46DE8}") = "ClaseInterface", "ClaseInterface", "{F7948C7A-61F4-4952-83C1-D80F0BA1B5FC}"
EndProject
Project("{9A19103F-16F7-4668-BE54-9A1E7A4F7556}") = "Interfaces.2020", "Interfaces.2020\Interfaces.2020.csproj", "{2270C80C-9CA4-4DC5-B601-04A519780FF6}"
EndProject
Project("{2150E333-8FDC-42A3-9474-1A3956D46DE8}") = "PruebaUnitarias", "PruebaUnitarias", "{51B42F98-4CE8-442F-87E5-FA78A6D20691}"
EndProject
Project("{9A19103F-16F7-4668-BE54-9A1E7A4F7556}") = "UnitTestI01", "UnitTestI01\UnitTestI01.csproj", "{89CE3D2C-88C8-4E7B-9F4C-3CEBA80418CF}"
EndProject
Project("{9A19103F-16F7-4668-BE54-9A1E7A4F7556}") = "BibliotecaPruebasUnitarias", "BibliotecaPruebasUnitarias\BibliotecaPruebasUnitarias.csproj", "{71AC8B73-CBBD-4704-8247-F0456216E8B0}"
EndProject
Project("{2150E333-8FDC-42A3-9474-1A3956D46DE8}") = "Archivos", "Archivos", "{D4CC87A1-F7AC-4D16-AD06-E8BFEA03B0F8}"
EndProject
Project("{2150E333-8FDC-42A3-9474-1A3956D46DE8}") = "Serializacion", "Serializacion", "{F0BF6666-3B0E-49A5-A2E2-6A5D793E5080}"
EndProject
Project("{9A19103F-16F7-4668-BE54-9A1E7A4F7556}") = "Supermercado", "Supermercado\Supermercado.csproj", "{A7DCDE0A-AB23-43EF-B43D-096809DD34B9}"
EndProject
Project("{9A19103F-16F7-4668-BE54-9A1E7A4F7556}") = "IO", "IO\IO.csproj", "{D9231729-41F6-4CCD-BBE9-577ADFBFC1D9}"
EndProject
Project("{9A19103F-16F7-4668-BE54-9A1E7A4F7556}") = "PruebasArchivos", "PruebasArchivos\PruebasArchivos.csproj", "{13FEACB1-65B3-483F-9897-59C3AC5375D0}"
EndProject
Project("{2150E333-8FDC-42A3-9474-1A3956D46DE8}") = "C01", "C01", "{F8A82642-E2E2-4F97-99FE-BDF158A5E900}"
EndProject
Project("{9A19103F-16F7-4668-BE54-9A1E7A4F7556}") = "NotePadProyect", "NotePadProyect\NotePadProyect.csproj", "{888CEB9A-06AD-48CA-A7EA-449336D2E599}"
EndProject
Project("{2150E333-8FDC-42A3-9474-1A3956D46DE8}") = "Tp3Prototipo", "Tp3Prototipo", "{6C695764-13BD-4470-A81D-6035C032ECDC}"
EndProject
Project("{9A19103F-16F7-4668-BE54-9A1E7A4F7556}") = "TP3Prototipo", "TP3Prototipo\TP3Prototipo.csproj", "{5C356F1E-3ED9-4ADB-A9A7-AEFA9E5F989B}"
EndProject
Project("{FAE04EC0-301F-11D3-BF4B-00C04F79EFBC}") = "TP3ClassLibrary", "TP3ClassLibrary\TP3ClassLibrary.csproj", "{FA80896A-FA46-4F5D-9987-A6738551EBB2}"
EndProject
Global
	GlobalSection(SolutionConfigurationPlatforms) = preSolution
		Debug|Any CPU = Debug|Any CPU
		Release|Any CPU = Release|Any CPU
	EndGlobalSection
	GlobalSection(ProjectConfigurationPlatforms) = postSolution
		{7177BFEF-5FFC-4BDA-A950-18563DFA6952}.Debug|Any CPU.ActiveCfg = Debug|Any CPU
		{7177BFEF-5FFC-4BDA-A950-18563DFA6952}.Debug|Any CPU.Build.0 = Debug|Any CPU
		{7177BFEF-5FFC-4BDA-A950-18563DFA6952}.Release|Any CPU.ActiveCfg = Release|Any CPU
		{7177BFEF-5FFC-4BDA-A950-18563DFA6952}.Release|Any CPU.Build.0 = Release|Any CPU
		{C9B0EA16-D75B-4090-9AD6-74D10F4B4542}.Debug|Any CPU.ActiveCfg = Debug|Any CPU
		{C9B0EA16-D75B-4090-9AD6-74D10F4B4542}.Debug|Any CPU.Build.0 = Debug|Any CPU
		{C9B0EA16-D75B-4090-9AD6-74D10F4B4542}.Release|Any CPU.ActiveCfg = Release|Any CPU
		{C9B0EA16-D75B-4090-9AD6-74D10F4B4542}.Release|Any CPU.Build.0 = Release|Any CPU
		{ED0C0DF8-ED6C-468B-8475-952D16CCE7FF}.Debug|Any CPU.ActiveCfg = Debug|Any CPU
		{ED0C0DF8-ED6C-468B-8475-952D16CCE7FF}.Debug|Any CPU.Build.0 = Debug|Any CPU
		{ED0C0DF8-ED6C-468B-8475-952D16CCE7FF}.Release|Any CPU.ActiveCfg = Release|Any CPU
		{ED0C0DF8-ED6C-468B-8475-952D16CCE7FF}.Release|Any CPU.Build.0 = Release|Any CPU
		{35C05188-D879-471B-BCDE-C033A55BFFD1}.Debug|Any CPU.ActiveCfg = Debug|Any CPU
		{35C05188-D879-471B-BCDE-C033A55BFFD1}.Debug|Any CPU.Build.0 = Debug|Any CPU
		{35C05188-D879-471B-BCDE-C033A55BFFD1}.Release|Any CPU.ActiveCfg = Release|Any CPU
		{35C05188-D879-471B-BCDE-C033A55BFFD1}.Release|Any CPU.Build.0 = Release|Any CPU
		{4F075A37-6027-4E9F-9972-4CCE87FA6792}.Debug|Any CPU.ActiveCfg = Debug|Any CPU
		{4F075A37-6027-4E9F-9972-4CCE87FA6792}.Debug|Any CPU.Build.0 = Debug|Any CPU
		{4F075A37-6027-4E9F-9972-4CCE87FA6792}.Release|Any CPU.ActiveCfg = Release|Any CPU
		{4F075A37-6027-4E9F-9972-4CCE87FA6792}.Release|Any CPU.Build.0 = Release|Any CPU
		{6EB3B75D-015B-42C1-BE56-8DCE73E6B09C}.Debug|Any CPU.ActiveCfg = Debug|Any CPU
		{6EB3B75D-015B-42C1-BE56-8DCE73E6B09C}.Debug|Any CPU.Build.0 = Debug|Any CPU
		{6EB3B75D-015B-42C1-BE56-8DCE73E6B09C}.Release|Any CPU.ActiveCfg = Release|Any CPU
		{6EB3B75D-015B-42C1-BE56-8DCE73E6B09C}.Release|Any CPU.Build.0 = Release|Any CPU
		{8F00FF91-CED3-4E75-9B24-CA09AD770C17}.Debug|Any CPU.ActiveCfg = Debug|Any CPU
		{8F00FF91-CED3-4E75-9B24-CA09AD770C17}.Debug|Any CPU.Build.0 = Debug|Any CPU
		{8F00FF91-CED3-4E75-9B24-CA09AD770C17}.Release|Any CPU.ActiveCfg = Release|Any CPU
		{8F00FF91-CED3-4E75-9B24-CA09AD770C17}.Release|Any CPU.Build.0 = Release|Any CPU
		{8C3B6FBF-45FE-4614-8781-E35F2A00C347}.Debug|Any CPU.ActiveCfg = Debug|Any CPU
		{8C3B6FBF-45FE-4614-8781-E35F2A00C347}.Debug|Any CPU.Build.0 = Debug|Any CPU
		{8C3B6FBF-45FE-4614-8781-E35F2A00C347}.Release|Any CPU.ActiveCfg = Release|Any CPU
		{8C3B6FBF-45FE-4614-8781-E35F2A00C347}.Release|Any CPU.Build.0 = Release|Any CPU
		{6FA65811-00E6-4330-88DF-73A1254CAFF3}.Debug|Any CPU.ActiveCfg = Debug|Any CPU
		{6FA65811-00E6-4330-88DF-73A1254CAFF3}.Debug|Any CPU.Build.0 = Debug|Any CPU
		{6FA65811-00E6-4330-88DF-73A1254CAFF3}.Release|Any CPU.ActiveCfg = Release|Any CPU
		{6FA65811-00E6-4330-88DF-73A1254CAFF3}.Release|Any CPU.Build.0 = Release|Any CPU
		{5FD4FDD2-8E72-40B1-BC75-6B1274735C34}.Debug|Any CPU.ActiveCfg = Debug|Any CPU
		{5FD4FDD2-8E72-40B1-BC75-6B1274735C34}.Debug|Any CPU.Build.0 = Debug|Any CPU
		{5FD4FDD2-8E72-40B1-BC75-6B1274735C34}.Release|Any CPU.ActiveCfg = Release|Any CPU
		{5FD4FDD2-8E72-40B1-BC75-6B1274735C34}.Release|Any CPU.Build.0 = Release|Any CPU
		{8FE33A65-F4B1-4E34-AD0A-306DDA332DC3}.Debug|Any CPU.ActiveCfg = Debug|Any CPU
		{8FE33A65-F4B1-4E34-AD0A-306DDA332DC3}.Debug|Any CPU.Build.0 = Debug|Any CPU
		{8FE33A65-F4B1-4E34-AD0A-306DDA332DC3}.Release|Any CPU.ActiveCfg = Release|Any CPU
		{8FE33A65-F4B1-4E34-AD0A-306DDA332DC3}.Release|Any CPU.Build.0 = Release|Any CPU
		{E3134BAF-0A7C-445B-AF29-9C266ECA18FE}.Debug|Any CPU.ActiveCfg = Debug|Any CPU
		{E3134BAF-0A7C-445B-AF29-9C266ECA18FE}.Debug|Any CPU.Build.0 = Debug|Any CPU
		{E3134BAF-0A7C-445B-AF29-9C266ECA18FE}.Release|Any CPU.ActiveCfg = Release|Any CPU
		{E3134BAF-0A7C-445B-AF29-9C266ECA18FE}.Release|Any CPU.Build.0 = Release|Any CPU
		{51F27C04-AA3E-4629-B968-2274E4E81FFF}.Debug|Any CPU.ActiveCfg = Debug|Any CPU
		{51F27C04-AA3E-4629-B968-2274E4E81FFF}.Debug|Any CPU.Build.0 = Debug|Any CPU
		{51F27C04-AA3E-4629-B968-2274E4E81FFF}.Release|Any CPU.ActiveCfg = Release|Any CPU
		{51F27C04-AA3E-4629-B968-2274E4E81FFF}.Release|Any CPU.Build.0 = Release|Any CPU
		{74AB048F-48F2-460D-B3C8-39A61C3D2179}.Debug|Any CPU.ActiveCfg = Debug|Any CPU
		{74AB048F-48F2-460D-B3C8-39A61C3D2179}.Debug|Any CPU.Build.0 = Debug|Any CPU
		{74AB048F-48F2-460D-B3C8-39A61C3D2179}.Release|Any CPU.ActiveCfg = Release|Any CPU
		{74AB048F-48F2-460D-B3C8-39A61C3D2179}.Release|Any CPU.Build.0 = Release|Any CPU
		{6F03370D-0DF7-406A-839F-384905652D5D}.Debug|Any CPU.ActiveCfg = Debug|Any CPU
		{6F03370D-0DF7-406A-839F-384905652D5D}.Debug|Any CPU.Build.0 = Debug|Any CPU
		{6F03370D-0DF7-406A-839F-384905652D5D}.Release|Any CPU.ActiveCfg = Release|Any CPU
		{6F03370D-0DF7-406A-839F-384905652D5D}.Release|Any CPU.Build.0 = Release|Any CPU
		{73A6A7FB-64FF-4AC4-8970-622E2022D0AB}.Debug|Any CPU.ActiveCfg = Debug|Any CPU
		{73A6A7FB-64FF-4AC4-8970-622E2022D0AB}.Debug|Any CPU.Build.0 = Debug|Any CPU
		{73A6A7FB-64FF-4AC4-8970-622E2022D0AB}.Release|Any CPU.ActiveCfg = Release|Any CPU
		{73A6A7FB-64FF-4AC4-8970-622E2022D0AB}.Release|Any CPU.Build.0 = Release|Any CPU
		{42F0C117-AF6D-4698-BBF6-2C8CB6387CD6}.Debug|Any CPU.ActiveCfg = Debug|Any CPU
		{42F0C117-AF6D-4698-BBF6-2C8CB6387CD6}.Debug|Any CPU.Build.0 = Debug|Any CPU
		{42F0C117-AF6D-4698-BBF6-2C8CB6387CD6}.Release|Any CPU.ActiveCfg = Release|Any CPU
		{42F0C117-AF6D-4698-BBF6-2C8CB6387CD6}.Release|Any CPU.Build.0 = Release|Any CPU
		{17D4E887-9061-4423-8E5E-759E0D2F24F5}.Debug|Any CPU.ActiveCfg = Debug|Any CPU
		{17D4E887-9061-4423-8E5E-759E0D2F24F5}.Debug|Any CPU.Build.0 = Debug|Any CPU
		{17D4E887-9061-4423-8E5E-759E0D2F24F5}.Release|Any CPU.ActiveCfg = Release|Any CPU
		{17D4E887-9061-4423-8E5E-759E0D2F24F5}.Release|Any CPU.Build.0 = Release|Any CPU
		{A564C062-39B8-419B-A722-D164CC840023}.Debug|Any CPU.ActiveCfg = Debug|Any CPU
		{A564C062-39B8-419B-A722-D164CC840023}.Debug|Any CPU.Build.0 = Debug|Any CPU
		{A564C062-39B8-419B-A722-D164CC840023}.Release|Any CPU.ActiveCfg = Release|Any CPU
		{A564C062-39B8-419B-A722-D164CC840023}.Release|Any CPU.Build.0 = Release|Any CPU
		{A6FF84AE-B241-48EC-80B4-6EDDE054256C}.Debug|Any CPU.ActiveCfg = Debug|Any CPU
		{A6FF84AE-B241-48EC-80B4-6EDDE054256C}.Debug|Any CPU.Build.0 = Debug|Any CPU
		{A6FF84AE-B241-48EC-80B4-6EDDE054256C}.Release|Any CPU.ActiveCfg = Release|Any CPU
		{A6FF84AE-B241-48EC-80B4-6EDDE054256C}.Release|Any CPU.Build.0 = Release|Any CPU
		{F162D45B-3E98-419F-89A5-4DEA703AD8E7}.Debug|Any CPU.ActiveCfg = Debug|Any CPU
		{F162D45B-3E98-419F-89A5-4DEA703AD8E7}.Debug|Any CPU.Build.0 = Debug|Any CPU
		{F162D45B-3E98-419F-89A5-4DEA703AD8E7}.Release|Any CPU.ActiveCfg = Release|Any CPU
		{F162D45B-3E98-419F-89A5-4DEA703AD8E7}.Release|Any CPU.Build.0 = Release|Any CPU
		{0D950A2F-8EF5-4ECF-9FC1-D52E2D2A9C89}.Debug|Any CPU.ActiveCfg = Debug|Any CPU
		{0D950A2F-8EF5-4ECF-9FC1-D52E2D2A9C89}.Debug|Any CPU.Build.0 = Debug|Any CPU
		{0D950A2F-8EF5-4ECF-9FC1-D52E2D2A9C89}.Release|Any CPU.ActiveCfg = Release|Any CPU
		{0D950A2F-8EF5-4ECF-9FC1-D52E2D2A9C89}.Release|Any CPU.Build.0 = Release|Any CPU
		{849B7C19-65BA-462E-A802-A9C573F12618}.Debug|Any CPU.ActiveCfg = Debug|Any CPU
		{849B7C19-65BA-462E-A802-A9C573F12618}.Debug|Any CPU.Build.0 = Debug|Any CPU
		{849B7C19-65BA-462E-A802-A9C573F12618}.Release|Any CPU.ActiveCfg = Release|Any CPU
		{849B7C19-65BA-462E-A802-A9C573F12618}.Release|Any CPU.Build.0 = Release|Any CPU
		{D9B306B0-B3BA-4F32-AADD-96188A3457A2}.Debug|Any CPU.ActiveCfg = Debug|Any CPU
		{D9B306B0-B3BA-4F32-AADD-96188A3457A2}.Debug|Any CPU.Build.0 = Debug|Any CPU
		{D9B306B0-B3BA-4F32-AADD-96188A3457A2}.Release|Any CPU.ActiveCfg = Release|Any CPU
		{D9B306B0-B3BA-4F32-AADD-96188A3457A2}.Release|Any CPU.Build.0 = Release|Any CPU
		{8CECA605-1ADA-4458-9BF3-56E70FBDEB32}.Debug|Any CPU.ActiveCfg = Debug|Any CPU
		{8CECA605-1ADA-4458-9BF3-56E70FBDEB32}.Debug|Any CPU.Build.0 = Debug|Any CPU
		{8CECA605-1ADA-4458-9BF3-56E70FBDEB32}.Release|Any CPU.ActiveCfg = Release|Any CPU
		{8CECA605-1ADA-4458-9BF3-56E70FBDEB32}.Release|Any CPU.Build.0 = Release|Any CPU
		{4E0257D0-4AB8-4AD8-BF12-F400E5E37780}.Debug|Any CPU.ActiveCfg = Debug|Any CPU
		{4E0257D0-4AB8-4AD8-BF12-F400E5E37780}.Debug|Any CPU.Build.0 = Debug|Any CPU
		{4E0257D0-4AB8-4AD8-BF12-F400E5E37780}.Release|Any CPU.ActiveCfg = Release|Any CPU
		{4E0257D0-4AB8-4AD8-BF12-F400E5E37780}.Release|Any CPU.Build.0 = Release|Any CPU
		{C3356C85-5BC9-4777-ADF2-162E7C90D1DD}.Debug|Any CPU.ActiveCfg = Debug|Any CPU
		{C3356C85-5BC9-4777-ADF2-162E7C90D1DD}.Debug|Any CPU.Build.0 = Debug|Any CPU
		{C3356C85-5BC9-4777-ADF2-162E7C90D1DD}.Release|Any CPU.ActiveCfg = Release|Any CPU
		{C3356C85-5BC9-4777-ADF2-162E7C90D1DD}.Release|Any CPU.Build.0 = Release|Any CPU
		{5308B987-8C03-4C6B-9297-C614B60E4012}.Debug|Any CPU.ActiveCfg = Debug|Any CPU
		{5308B987-8C03-4C6B-9297-C614B60E4012}.Debug|Any CPU.Build.0 = Debug|Any CPU
		{5308B987-8C03-4C6B-9297-C614B60E4012}.Release|Any CPU.ActiveCfg = Release|Any CPU
		{5308B987-8C03-4C6B-9297-C614B60E4012}.Release|Any CPU.Build.0 = Release|Any CPU
		{63AD4B2F-5947-442F-87F6-80C277ECB4BE}.Debug|Any CPU.ActiveCfg = Debug|Any CPU
		{63AD4B2F-5947-442F-87F6-80C277ECB4BE}.Debug|Any CPU.Build.0 = Debug|Any CPU
		{63AD4B2F-5947-442F-87F6-80C277ECB4BE}.Release|Any CPU.ActiveCfg = Release|Any CPU
		{63AD4B2F-5947-442F-87F6-80C277ECB4BE}.Release|Any CPU.Build.0 = Release|Any CPU
		{2E889C7F-2A62-4DD4-B6E9-089AFA67CED2}.Debug|Any CPU.ActiveCfg = Debug|Any CPU
		{2E889C7F-2A62-4DD4-B6E9-089AFA67CED2}.Debug|Any CPU.Build.0 = Debug|Any CPU
		{2E889C7F-2A62-4DD4-B6E9-089AFA67CED2}.Release|Any CPU.ActiveCfg = Release|Any CPU
		{2E889C7F-2A62-4DD4-B6E9-089AFA67CED2}.Release|Any CPU.Build.0 = Release|Any CPU
		{E6232974-BDB0-4EBF-B797-EB7BD4F5E059}.Debug|Any CPU.ActiveCfg = Debug|Any CPU
		{E6232974-BDB0-4EBF-B797-EB7BD4F5E059}.Debug|Any CPU.Build.0 = Debug|Any CPU
		{E6232974-BDB0-4EBF-B797-EB7BD4F5E059}.Release|Any CPU.ActiveCfg = Release|Any CPU
		{E6232974-BDB0-4EBF-B797-EB7BD4F5E059}.Release|Any CPU.Build.0 = Release|Any CPU
		{34A5AC1A-9A34-4274-863B-2BC4683DE942}.Debug|Any CPU.ActiveCfg = Debug|Any CPU
		{34A5AC1A-9A34-4274-863B-2BC4683DE942}.Debug|Any CPU.Build.0 = Debug|Any CPU
		{34A5AC1A-9A34-4274-863B-2BC4683DE942}.Release|Any CPU.ActiveCfg = Release|Any CPU
		{34A5AC1A-9A34-4274-863B-2BC4683DE942}.Release|Any CPU.Build.0 = Release|Any CPU
		{731CBCF7-74FE-4ABA-846D-6CC7E3EAA2D5}.Debug|Any CPU.ActiveCfg = Debug|Any CPU
		{731CBCF7-74FE-4ABA-846D-6CC7E3EAA2D5}.Debug|Any CPU.Build.0 = Debug|Any CPU
		{731CBCF7-74FE-4ABA-846D-6CC7E3EAA2D5}.Release|Any CPU.ActiveCfg = Release|Any CPU
		{731CBCF7-74FE-4ABA-846D-6CC7E3EAA2D5}.Release|Any CPU.Build.0 = Release|Any CPU
		{6CB374F2-38ED-4378-9703-257229D3CB4C}.Debug|Any CPU.ActiveCfg = Debug|Any CPU
		{6CB374F2-38ED-4378-9703-257229D3CB4C}.Debug|Any CPU.Build.0 = Debug|Any CPU
		{6CB374F2-38ED-4378-9703-257229D3CB4C}.Release|Any CPU.ActiveCfg = Release|Any CPU
		{6CB374F2-38ED-4378-9703-257229D3CB4C}.Release|Any CPU.Build.0 = Release|Any CPU
		{76BAAC11-7B8A-4B8B-81B1-7DDC6117FB02}.Debug|Any CPU.ActiveCfg = Debug|Any CPU
		{76BAAC11-7B8A-4B8B-81B1-7DDC6117FB02}.Debug|Any CPU.Build.0 = Debug|Any CPU
		{76BAAC11-7B8A-4B8B-81B1-7DDC6117FB02}.Release|Any CPU.ActiveCfg = Release|Any CPU
		{76BAAC11-7B8A-4B8B-81B1-7DDC6117FB02}.Release|Any CPU.Build.0 = Release|Any CPU
		{4C7D9151-72B8-425F-9BD8-3AA3D66006A7}.Debug|Any CPU.ActiveCfg = Debug|Any CPU
		{4C7D9151-72B8-425F-9BD8-3AA3D66006A7}.Debug|Any CPU.Build.0 = Debug|Any CPU
		{4C7D9151-72B8-425F-9BD8-3AA3D66006A7}.Release|Any CPU.ActiveCfg = Release|Any CPU
		{4C7D9151-72B8-425F-9BD8-3AA3D66006A7}.Release|Any CPU.Build.0 = Release|Any CPU
		{DDEBFE1C-D9E7-4BCD-A004-4A232BEE8A5D}.Debug|Any CPU.ActiveCfg = Debug|Any CPU
		{DDEBFE1C-D9E7-4BCD-A004-4A232BEE8A5D}.Debug|Any CPU.Build.0 = Debug|Any CPU
		{DDEBFE1C-D9E7-4BCD-A004-4A232BEE8A5D}.Release|Any CPU.ActiveCfg = Release|Any CPU
		{DDEBFE1C-D9E7-4BCD-A004-4A232BEE8A5D}.Release|Any CPU.Build.0 = Release|Any CPU
		{5CCFA042-1875-400C-BD36-D918F9D073B5}.Debug|Any CPU.ActiveCfg = Debug|Any CPU
		{5CCFA042-1875-400C-BD36-D918F9D073B5}.Debug|Any CPU.Build.0 = Debug|Any CPU
		{5CCFA042-1875-400C-BD36-D918F9D073B5}.Release|Any CPU.ActiveCfg = Release|Any CPU
		{5CCFA042-1875-400C-BD36-D918F9D073B5}.Release|Any CPU.Build.0 = Release|Any CPU
		{95D87662-EBBB-49AE-9673-F445EA901C5F}.Debug|Any CPU.ActiveCfg = Debug|Any CPU
		{95D87662-EBBB-49AE-9673-F445EA901C5F}.Debug|Any CPU.Build.0 = Debug|Any CPU
		{95D87662-EBBB-49AE-9673-F445EA901C5F}.Release|Any CPU.ActiveCfg = Release|Any CPU
		{95D87662-EBBB-49AE-9673-F445EA901C5F}.Release|Any CPU.Build.0 = Release|Any CPU
		{4E7875F2-763A-4CFF-A423-9A357F94F6B4}.Debug|Any CPU.ActiveCfg = Debug|Any CPU
		{4E7875F2-763A-4CFF-A423-9A357F94F6B4}.Debug|Any CPU.Build.0 = Debug|Any CPU
		{4E7875F2-763A-4CFF-A423-9A357F94F6B4}.Release|Any CPU.ActiveCfg = Release|Any CPU
		{4E7875F2-763A-4CFF-A423-9A357F94F6B4}.Release|Any CPU.Build.0 = Release|Any CPU
		{104ED711-6EED-4562-849D-7E123297CAE3}.Debug|Any CPU.ActiveCfg = Debug|Any CPU
		{104ED711-6EED-4562-849D-7E123297CAE3}.Debug|Any CPU.Build.0 = Debug|Any CPU
		{104ED711-6EED-4562-849D-7E123297CAE3}.Release|Any CPU.ActiveCfg = Release|Any CPU
		{104ED711-6EED-4562-849D-7E123297CAE3}.Release|Any CPU.Build.0 = Release|Any CPU
		{DEC1C2A0-330B-46D2-8B9F-EB004ADD2A8D}.Debug|Any CPU.ActiveCfg = Debug|Any CPU
		{DEC1C2A0-330B-46D2-8B9F-EB004ADD2A8D}.Debug|Any CPU.Build.0 = Debug|Any CPU
		{DEC1C2A0-330B-46D2-8B9F-EB004ADD2A8D}.Release|Any CPU.ActiveCfg = Release|Any CPU
		{DEC1C2A0-330B-46D2-8B9F-EB004ADD2A8D}.Release|Any CPU.Build.0 = Release|Any CPU
		{DBCE3C2F-9C9F-4D7A-99DF-09E539DC421D}.Debug|Any CPU.ActiveCfg = Debug|Any CPU
		{DBCE3C2F-9C9F-4D7A-99DF-09E539DC421D}.Debug|Any CPU.Build.0 = Debug|Any CPU
		{DBCE3C2F-9C9F-4D7A-99DF-09E539DC421D}.Release|Any CPU.ActiveCfg = Release|Any CPU
		{DBCE3C2F-9C9F-4D7A-99DF-09E539DC421D}.Release|Any CPU.Build.0 = Release|Any CPU
		{09DEFAA0-5238-4B1C-A92A-81A8B89C2E03}.Debug|Any CPU.ActiveCfg = Debug|Any CPU
		{09DEFAA0-5238-4B1C-A92A-81A8B89C2E03}.Debug|Any CPU.Build.0 = Debug|Any CPU
		{09DEFAA0-5238-4B1C-A92A-81A8B89C2E03}.Release|Any CPU.ActiveCfg = Release|Any CPU
		{09DEFAA0-5238-4B1C-A92A-81A8B89C2E03}.Release|Any CPU.Build.0 = Release|Any CPU
		{48598DB4-1B71-43B9-87E1-A106A1EC3801}.Debug|Any CPU.ActiveCfg = Debug|Any CPU
		{48598DB4-1B71-43B9-87E1-A106A1EC3801}.Debug|Any CPU.Build.0 = Debug|Any CPU
		{48598DB4-1B71-43B9-87E1-A106A1EC3801}.Release|Any CPU.ActiveCfg = Release|Any CPU
		{48598DB4-1B71-43B9-87E1-A106A1EC3801}.Release|Any CPU.Build.0 = Release|Any CPU
		{C8707224-D743-4434-873C-2AFFC75C08DC}.Debug|Any CPU.ActiveCfg = Debug|Any CPU
		{C8707224-D743-4434-873C-2AFFC75C08DC}.Debug|Any CPU.Build.0 = Debug|Any CPU
		{C8707224-D743-4434-873C-2AFFC75C08DC}.Release|Any CPU.ActiveCfg = Release|Any CPU
		{C8707224-D743-4434-873C-2AFFC75C08DC}.Release|Any CPU.Build.0 = Release|Any CPU
		{34921269-A494-4B68-904C-59E102C65158}.Debug|Any CPU.ActiveCfg = Debug|Any CPU
		{34921269-A494-4B68-904C-59E102C65158}.Debug|Any CPU.Build.0 = Debug|Any CPU
		{34921269-A494-4B68-904C-59E102C65158}.Release|Any CPU.ActiveCfg = Release|Any CPU
		{34921269-A494-4B68-904C-59E102C65158}.Release|Any CPU.Build.0 = Release|Any CPU
		{24D8456D-7BC9-4552-95FF-8CBB694FD5D9}.Debug|Any CPU.ActiveCfg = Debug|Any CPU
		{24D8456D-7BC9-4552-95FF-8CBB694FD5D9}.Debug|Any CPU.Build.0 = Debug|Any CPU
		{24D8456D-7BC9-4552-95FF-8CBB694FD5D9}.Release|Any CPU.ActiveCfg = Release|Any CPU
		{24D8456D-7BC9-4552-95FF-8CBB694FD5D9}.Release|Any CPU.Build.0 = Release|Any CPU
		{2469AB8F-797B-42CA-9177-519E49067A73}.Debug|Any CPU.ActiveCfg = Debug|Any CPU
		{2469AB8F-797B-42CA-9177-519E49067A73}.Debug|Any CPU.Build.0 = Debug|Any CPU
		{2469AB8F-797B-42CA-9177-519E49067A73}.Release|Any CPU.ActiveCfg = Release|Any CPU
		{2469AB8F-797B-42CA-9177-519E49067A73}.Release|Any CPU.Build.0 = Release|Any CPU
		{B231D493-1B92-4BBB-A33C-F86DC83BEDDD}.Debug|Any CPU.ActiveCfg = Debug|Any CPU
		{B231D493-1B92-4BBB-A33C-F86DC83BEDDD}.Debug|Any CPU.Build.0 = Debug|Any CPU
		{B231D493-1B92-4BBB-A33C-F86DC83BEDDD}.Release|Any CPU.ActiveCfg = Release|Any CPU
		{B231D493-1B92-4BBB-A33C-F86DC83BEDDD}.Release|Any CPU.Build.0 = Release|Any CPU
		{0BAD037E-EB0E-4446-9614-4F304AF8B78C}.Debug|Any CPU.ActiveCfg = Debug|Any CPU
		{0BAD037E-EB0E-4446-9614-4F304AF8B78C}.Debug|Any CPU.Build.0 = Debug|Any CPU
		{0BAD037E-EB0E-4446-9614-4F304AF8B78C}.Release|Any CPU.ActiveCfg = Release|Any CPU
		{0BAD037E-EB0E-4446-9614-4F304AF8B78C}.Release|Any CPU.Build.0 = Release|Any CPU
		{A5513ACD-BFE2-4A2B-8F10-3E412E4BF53A}.Debug|Any CPU.ActiveCfg = Debug|Any CPU
		{A5513ACD-BFE2-4A2B-8F10-3E412E4BF53A}.Debug|Any CPU.Build.0 = Debug|Any CPU
		{A5513ACD-BFE2-4A2B-8F10-3E412E4BF53A}.Release|Any CPU.ActiveCfg = Release|Any CPU
		{A5513ACD-BFE2-4A2B-8F10-3E412E4BF53A}.Release|Any CPU.Build.0 = Release|Any CPU
		{92EE2F25-4E97-4193-A3DD-E8E3C60FA067}.Debug|Any CPU.ActiveCfg = Debug|Any CPU
		{92EE2F25-4E97-4193-A3DD-E8E3C60FA067}.Debug|Any CPU.Build.0 = Debug|Any CPU
		{92EE2F25-4E97-4193-A3DD-E8E3C60FA067}.Release|Any CPU.ActiveCfg = Release|Any CPU
		{92EE2F25-4E97-4193-A3DD-E8E3C60FA067}.Release|Any CPU.Build.0 = Release|Any CPU
		{AB1FF762-7212-4913-8DEB-198AA4513EC7}.Debug|Any CPU.ActiveCfg = Debug|Any CPU
		{AB1FF762-7212-4913-8DEB-198AA4513EC7}.Debug|Any CPU.Build.0 = Debug|Any CPU
		{AB1FF762-7212-4913-8DEB-198AA4513EC7}.Release|Any CPU.ActiveCfg = Release|Any CPU
		{AB1FF762-7212-4913-8DEB-198AA4513EC7}.Release|Any CPU.Build.0 = Release|Any CPU
		{2B1F6BE6-DF4C-487D-84B1-DB771FCE5DB3}.Debug|Any CPU.ActiveCfg = Debug|Any CPU
		{2B1F6BE6-DF4C-487D-84B1-DB771FCE5DB3}.Debug|Any CPU.Build.0 = Debug|Any CPU
		{2B1F6BE6-DF4C-487D-84B1-DB771FCE5DB3}.Release|Any CPU.ActiveCfg = Release|Any CPU
		{2B1F6BE6-DF4C-487D-84B1-DB771FCE5DB3}.Release|Any CPU.Build.0 = Release|Any CPU
		{6D992FFE-DB95-4A5C-9D13-F173D60FF58F}.Debug|Any CPU.ActiveCfg = Debug|Any CPU
		{6D992FFE-DB95-4A5C-9D13-F173D60FF58F}.Debug|Any CPU.Build.0 = Debug|Any CPU
		{6D992FFE-DB95-4A5C-9D13-F173D60FF58F}.Release|Any CPU.ActiveCfg = Release|Any CPU
		{6D992FFE-DB95-4A5C-9D13-F173D60FF58F}.Release|Any CPU.Build.0 = Release|Any CPU
		{8BCCAE37-5AD5-4A2C-8E78-474597746F6C}.Debug|Any CPU.ActiveCfg = Debug|Any CPU
		{8BCCAE37-5AD5-4A2C-8E78-474597746F6C}.Debug|Any CPU.Build.0 = Debug|Any CPU
		{8BCCAE37-5AD5-4A2C-8E78-474597746F6C}.Release|Any CPU.ActiveCfg = Release|Any CPU
		{8BCCAE37-5AD5-4A2C-8E78-474597746F6C}.Release|Any CPU.Build.0 = Release|Any CPU
		{58FE730A-3FCA-42D9-A5DE-7822FA475698}.Debug|Any CPU.ActiveCfg = Debug|Any CPU
		{58FE730A-3FCA-42D9-A5DE-7822FA475698}.Debug|Any CPU.Build.0 = Debug|Any CPU
		{58FE730A-3FCA-42D9-A5DE-7822FA475698}.Release|Any CPU.ActiveCfg = Release|Any CPU
		{58FE730A-3FCA-42D9-A5DE-7822FA475698}.Release|Any CPU.Build.0 = Release|Any CPU
		{BD0CA313-FFD1-4796-9E58-7F3861AB8411}.Debug|Any CPU.ActiveCfg = Debug|Any CPU
		{BD0CA313-FFD1-4796-9E58-7F3861AB8411}.Debug|Any CPU.Build.0 = Debug|Any CPU
		{BD0CA313-FFD1-4796-9E58-7F3861AB8411}.Release|Any CPU.ActiveCfg = Release|Any CPU
		{BD0CA313-FFD1-4796-9E58-7F3861AB8411}.Release|Any CPU.Build.0 = Release|Any CPU
		{2270C80C-9CA4-4DC5-B601-04A519780FF6}.Debug|Any CPU.ActiveCfg = Debug|Any CPU
		{2270C80C-9CA4-4DC5-B601-04A519780FF6}.Debug|Any CPU.Build.0 = Debug|Any CPU
		{2270C80C-9CA4-4DC5-B601-04A519780FF6}.Release|Any CPU.ActiveCfg = Release|Any CPU
		{2270C80C-9CA4-4DC5-B601-04A519780FF6}.Release|Any CPU.Build.0 = Release|Any CPU
		{89CE3D2C-88C8-4E7B-9F4C-3CEBA80418CF}.Debug|Any CPU.ActiveCfg = Debug|Any CPU
		{89CE3D2C-88C8-4E7B-9F4C-3CEBA80418CF}.Debug|Any CPU.Build.0 = Debug|Any CPU
		{89CE3D2C-88C8-4E7B-9F4C-3CEBA80418CF}.Release|Any CPU.ActiveCfg = Release|Any CPU
		{89CE3D2C-88C8-4E7B-9F4C-3CEBA80418CF}.Release|Any CPU.Build.0 = Release|Any CPU
		{71AC8B73-CBBD-4704-8247-F0456216E8B0}.Debug|Any CPU.ActiveCfg = Debug|Any CPU
		{71AC8B73-CBBD-4704-8247-F0456216E8B0}.Debug|Any CPU.Build.0 = Debug|Any CPU
		{71AC8B73-CBBD-4704-8247-F0456216E8B0}.Release|Any CPU.ActiveCfg = Release|Any CPU
		{71AC8B73-CBBD-4704-8247-F0456216E8B0}.Release|Any CPU.Build.0 = Release|Any CPU
		{A7DCDE0A-AB23-43EF-B43D-096809DD34B9}.Debug|Any CPU.ActiveCfg = Debug|Any CPU
		{A7DCDE0A-AB23-43EF-B43D-096809DD34B9}.Debug|Any CPU.Build.0 = Debug|Any CPU
		{A7DCDE0A-AB23-43EF-B43D-096809DD34B9}.Release|Any CPU.ActiveCfg = Release|Any CPU
		{A7DCDE0A-AB23-43EF-B43D-096809DD34B9}.Release|Any CPU.Build.0 = Release|Any CPU
		{D9231729-41F6-4CCD-BBE9-577ADFBFC1D9}.Debug|Any CPU.ActiveCfg = Debug|Any CPU
		{D9231729-41F6-4CCD-BBE9-577ADFBFC1D9}.Debug|Any CPU.Build.0 = Debug|Any CPU
		{D9231729-41F6-4CCD-BBE9-577ADFBFC1D9}.Release|Any CPU.ActiveCfg = Release|Any CPU
		{D9231729-41F6-4CCD-BBE9-577ADFBFC1D9}.Release|Any CPU.Build.0 = Release|Any CPU
		{13FEACB1-65B3-483F-9897-59C3AC5375D0}.Debug|Any CPU.ActiveCfg = Debug|Any CPU
		{13FEACB1-65B3-483F-9897-59C3AC5375D0}.Debug|Any CPU.Build.0 = Debug|Any CPU
		{13FEACB1-65B3-483F-9897-59C3AC5375D0}.Release|Any CPU.ActiveCfg = Release|Any CPU
		{13FEACB1-65B3-483F-9897-59C3AC5375D0}.Release|Any CPU.Build.0 = Release|Any CPU
		{888CEB9A-06AD-48CA-A7EA-449336D2E599}.Debug|Any CPU.ActiveCfg = Debug|Any CPU
		{888CEB9A-06AD-48CA-A7EA-449336D2E599}.Debug|Any CPU.Build.0 = Debug|Any CPU
		{888CEB9A-06AD-48CA-A7EA-449336D2E599}.Release|Any CPU.ActiveCfg = Release|Any CPU
		{888CEB9A-06AD-48CA-A7EA-449336D2E599}.Release|Any CPU.Build.0 = Release|Any CPU
		{5C356F1E-3ED9-4ADB-A9A7-AEFA9E5F989B}.Debug|Any CPU.ActiveCfg = Debug|Any CPU
		{5C356F1E-3ED9-4ADB-A9A7-AEFA9E5F989B}.Debug|Any CPU.Build.0 = Debug|Any CPU
		{5C356F1E-3ED9-4ADB-A9A7-AEFA9E5F989B}.Release|Any CPU.ActiveCfg = Release|Any CPU
		{5C356F1E-3ED9-4ADB-A9A7-AEFA9E5F989B}.Release|Any CPU.Build.0 = Release|Any CPU
		{FA80896A-FA46-4F5D-9987-A6738551EBB2}.Debug|Any CPU.ActiveCfg = Debug|Any CPU
		{FA80896A-FA46-4F5D-9987-A6738551EBB2}.Debug|Any CPU.Build.0 = Debug|Any CPU
		{FA80896A-FA46-4F5D-9987-A6738551EBB2}.Release|Any CPU.ActiveCfg = Release|Any CPU
		{FA80896A-FA46-4F5D-9987-A6738551EBB2}.Release|Any CPU.Build.0 = Release|Any CPU
	EndGlobalSection
	GlobalSection(SolutionProperties) = preSolution
		HideSolutionNode = FALSE
	EndGlobalSection
	GlobalSection(NestedProjects) = preSolution
		{7177BFEF-5FFC-4BDA-A950-18563DFA6952} = {4DD44AD2-1AD5-4E99-AB46-5C2F8ADDB684}
		{C9B0EA16-D75B-4090-9AD6-74D10F4B4542} = {4DD44AD2-1AD5-4E99-AB46-5C2F8ADDB684}
		{ED0C0DF8-ED6C-468B-8475-952D16CCE7FF} = {4DD44AD2-1AD5-4E99-AB46-5C2F8ADDB684}
		{35C05188-D879-471B-BCDE-C033A55BFFD1} = {4DD44AD2-1AD5-4E99-AB46-5C2F8ADDB684}
		{4F075A37-6027-4E9F-9972-4CCE87FA6792} = {FBE2A190-F1DA-475B-87E9-B539C429EBC7}
		{6EB3B75D-015B-42C1-BE56-8DCE73E6B09C} = {4DD44AD2-1AD5-4E99-AB46-5C2F8ADDB684}
		{8F00FF91-CED3-4E75-9B24-CA09AD770C17} = {4DD44AD2-1AD5-4E99-AB46-5C2F8ADDB684}
		{8C3B6FBF-45FE-4614-8781-E35F2A00C347} = {4DD44AD2-1AD5-4E99-AB46-5C2F8ADDB684}
		{6FA65811-00E6-4330-88DF-73A1254CAFF3} = {4DD44AD2-1AD5-4E99-AB46-5C2F8ADDB684}
		{5FD4FDD2-8E72-40B1-BC75-6B1274735C34} = {4DD44AD2-1AD5-4E99-AB46-5C2F8ADDB684}
		{8FE33A65-F4B1-4E34-AD0A-306DDA332DC3} = {FBE2A190-F1DA-475B-87E9-B539C429EBC7}
		{E3134BAF-0A7C-445B-AF29-9C266ECA18FE} = {FBE2A190-F1DA-475B-87E9-B539C429EBC7}
		{51F27C04-AA3E-4629-B968-2274E4E81FFF} = {FBE2A190-F1DA-475B-87E9-B539C429EBC7}
		{74AB048F-48F2-460D-B3C8-39A61C3D2179} = {FBE2A190-F1DA-475B-87E9-B539C429EBC7}
		{6F03370D-0DF7-406A-839F-384905652D5D} = {FBE2A190-F1DA-475B-87E9-B539C429EBC7}
		{73A6A7FB-64FF-4AC4-8970-622E2022D0AB} = {FBE2A190-F1DA-475B-87E9-B539C429EBC7}
		{42F0C117-AF6D-4698-BBF6-2C8CB6387CD6} = {FBE2A190-F1DA-475B-87E9-B539C429EBC7}
		{17D4E887-9061-4423-8E5E-759E0D2F24F5} = {FBE2A190-F1DA-475B-87E9-B539C429EBC7}
		{A564C062-39B8-419B-A722-D164CC840023} = {FBE2A190-F1DA-475B-87E9-B539C429EBC7}
		{A6FF84AE-B241-48EC-80B4-6EDDE054256C} = {27A85A8E-3FED-431B-BBCC-2446C5217DEB}
		{F162D45B-3E98-419F-89A5-4DEA703AD8E7} = {27A85A8E-3FED-431B-BBCC-2446C5217DEB}
		{0D950A2F-8EF5-4ECF-9FC1-D52E2D2A9C89} = {27A85A8E-3FED-431B-BBCC-2446C5217DEB}
		{849B7C19-65BA-462E-A802-A9C573F12618} = {27A85A8E-3FED-431B-BBCC-2446C5217DEB}
		{46E6AA49-EDC8-4798-9536-48BF67876A0B} = {27A85A8E-3FED-431B-BBCC-2446C5217DEB}
		{D9B306B0-B3BA-4F32-AADD-96188A3457A2} = {46E6AA49-EDC8-4798-9536-48BF67876A0B}
		{8CECA605-1ADA-4458-9BF3-56E70FBDEB32} = {46E6AA49-EDC8-4798-9536-48BF67876A0B}
		{4E0257D0-4AB8-4AD8-BF12-F400E5E37780} = {27A85A8E-3FED-431B-BBCC-2446C5217DEB}
		{C3356C85-5BC9-4777-ADF2-162E7C90D1DD} = {27A85A8E-3FED-431B-BBCC-2446C5217DEB}
		{5308B987-8C03-4C6B-9297-C614B60E4012} = {27A85A8E-3FED-431B-BBCC-2446C5217DEB}
		{63AD4B2F-5947-442F-87F6-80C277ECB4BE} = {27A85A8E-3FED-431B-BBCC-2446C5217DEB}
		{2E889C7F-2A62-4DD4-B6E9-089AFA67CED2} = {27A85A8E-3FED-431B-BBCC-2446C5217DEB}
		{E6232974-BDB0-4EBF-B797-EB7BD4F5E059} = {221FF149-86D9-4353-A895-0C92EED0B990}
		{34A5AC1A-9A34-4274-863B-2BC4683DE942} = {221FF149-86D9-4353-A895-0C92EED0B990}
		{731CBCF7-74FE-4ABA-846D-6CC7E3EAA2D5} = {221FF149-86D9-4353-A895-0C92EED0B990}
		{6CB374F2-38ED-4378-9703-257229D3CB4C} = {221FF149-86D9-4353-A895-0C92EED0B990}
		{76BAAC11-7B8A-4B8B-81B1-7DDC6117FB02} = {221FF149-86D9-4353-A895-0C92EED0B990}
		{4C7D9151-72B8-425F-9BD8-3AA3D66006A7} = {7905D404-3ED3-4B5D-BAC5-2538CFB3990A}
		{DDEBFE1C-D9E7-4BCD-A004-4A232BEE8A5D} = {7905D404-3ED3-4B5D-BAC5-2538CFB3990A}
		{7905D404-3ED3-4B5D-BAC5-2538CFB3990A} = {DB2B5044-E876-4EAE-9BD7-60C7D85BD975}
		{6717152B-7DA1-49B7-BC5D-D813C26892F1} = {DB2B5044-E876-4EAE-9BD7-60C7D85BD975}
		{5CCFA042-1875-400C-BD36-D918F9D073B5} = {6717152B-7DA1-49B7-BC5D-D813C26892F1}
		{95D87662-EBBB-49AE-9673-F445EA901C5F} = {6717152B-7DA1-49B7-BC5D-D813C26892F1}
		{0769877E-87DF-4FCF-86C1-0BF6756EFD94} = {DB2B5044-E876-4EAE-9BD7-60C7D85BD975}
		{4E7875F2-763A-4CFF-A423-9A357F94F6B4} = {0769877E-87DF-4FCF-86C1-0BF6756EFD94}
		{7214EC09-4294-41F0-BFBD-B38A5CB120C7} = {DB2B5044-E876-4EAE-9BD7-60C7D85BD975}
		{104ED711-6EED-4562-849D-7E123297CAE3} = {7214EC09-4294-41F0-BFBD-B38A5CB120C7}
		{DEC1C2A0-330B-46D2-8B9F-EB004ADD2A8D} = {86FC3EEC-B018-4779-96BF-9CADF4F90D3A}
		{09DEFAA0-5238-4B1C-A92A-81A8B89C2E03} = {246F2D42-A28B-4BA6-A591-971FCBB35A15}
		{48598DB4-1B71-43B9-87E1-A106A1EC3801} = {0305BD9E-331C-4DC9-856C-4AA3BE9E9C69}
		{CEC6503A-DF91-48D1-ADBF-673031FFF17C} = {E1E6949B-7D5F-473E-B0FC-AEEA4DBEFC10}
		{C8707224-D743-4434-873C-2AFFC75C08DC} = {CEC6503A-DF91-48D1-ADBF-673031FFF17C}
		{34921269-A494-4B68-904C-59E102C65158} = {CEC6503A-DF91-48D1-ADBF-673031FFF17C}
		{49A86C0B-3157-4B3A-88D7-C4EA559D82F9} = {E1E6949B-7D5F-473E-B0FC-AEEA4DBEFC10}
		{24D8456D-7BC9-4552-95FF-8CBB694FD5D9} = {49A86C0B-3157-4B3A-88D7-C4EA559D82F9}
		{EC8E21A8-78C0-423B-AF73-D2D913AF188B} = {E1E6949B-7D5F-473E-B0FC-AEEA4DBEFC10}
		{2469AB8F-797B-42CA-9177-519E49067A73} = {EC8E21A8-78C0-423B-AF73-D2D913AF188B}
		{B231D493-1B92-4BBB-A33C-F86DC83BEDDD} = {EC8E21A8-78C0-423B-AF73-D2D913AF188B}
		{0BAD037E-EB0E-4446-9614-4F304AF8B78C} = {40D537B9-4FE1-4F2E-AEFD-36B6555DB7E2}
		{A5513ACD-BFE2-4A2B-8F10-3E412E4BF53A} = {40D537B9-4FE1-4F2E-AEFD-36B6555DB7E2}
		{3A0BC6D1-F2AE-4E29-BD94-08ABFEFA1F4B} = {E1E6949B-7D5F-473E-B0FC-AEEA4DBEFC10}
		{92EE2F25-4E97-4193-A3DD-E8E3C60FA067} = {3A0BC6D1-F2AE-4E29-BD94-08ABFEFA1F4B}
		{AB1FF762-7212-4913-8DEB-198AA4513EC7} = {3A0BC6D1-F2AE-4E29-BD94-08ABFEFA1F4B}
		{2B1F6BE6-DF4C-487D-84B1-DB771FCE5DB3} = {55D6BB61-E7D0-4490-973C-813350CD3FF6}
		{6D992FFE-DB95-4A5C-9D13-F173D60FF58F} = {55D6BB61-E7D0-4490-973C-813350CD3FF6}
		{8BCCAE37-5AD5-4A2C-8E78-474597746F6C} = {A48938AB-2BA9-441A-A66E-E5A084E763B9}
		{58FE730A-3FCA-42D9-A5DE-7822FA475698} = {A48938AB-2BA9-441A-A66E-E5A084E763B9}
		{BD0CA313-FFD1-4796-9E58-7F3861AB8411} = {69E6874C-754E-4EB4-87F2-208E9CCCF471}
		{2270C80C-9CA4-4DC5-B601-04A519780FF6} = {F7948C7A-61F4-4952-83C1-D80F0BA1B5FC}
		{89CE3D2C-88C8-4E7B-9F4C-3CEBA80418CF} = {51B42F98-4CE8-442F-87E5-FA78A6D20691}
		{71AC8B73-CBBD-4704-8247-F0456216E8B0} = {51B42F98-4CE8-442F-87E5-FA78A6D20691}
		{A7DCDE0A-AB23-43EF-B43D-096809DD34B9} = {F0BF6666-3B0E-49A5-A2E2-6A5D793E5080}
		{D9231729-41F6-4CCD-BBE9-577ADFBFC1D9} = {F8A82642-E2E2-4F97-99FE-BDF158A5E900}
		{13FEACB1-65B3-483F-9897-59C3AC5375D0} = {F8A82642-E2E2-4F97-99FE-BDF158A5E900}
		{F8A82642-E2E2-4F97-99FE-BDF158A5E900} = {F0BF6666-3B0E-49A5-A2E2-6A5D793E5080}
		{888CEB9A-06AD-48CA-A7EA-449336D2E599} = {F8A82642-E2E2-4F97-99FE-BDF158A5E900}
		{6C695764-13BD-4470-A81D-6035C032ECDC} = {F0BF6666-3B0E-49A5-A2E2-6A5D793E5080}
		{5C356F1E-3ED9-4ADB-A9A7-AEFA9E5F989B} = {6C695764-13BD-4470-A81D-6035C032ECDC}
		{FA80896A-FA46-4F5D-9987-A6738551EBB2} = {6C695764-13BD-4470-A81D-6035C032ECDC}
	EndGlobalSection
	GlobalSection(ExtensibilityGlobals) = postSolution
		SolutionGuid = {B9681E86-8D7B-421F-891A-C1861D1244C3}
	EndGlobalSection
EndGlobal
